Microsoft Visual Studio Solution File, Format Version 12.00
# Visual Studio Version 17
VisualStudioVersion = 17.5.2.0
MinimumVisualStudioVersion = 10.0.40219.1
Project("{FAE04EC0-301F-11D3-BF4B-00C04F79EFBC}") = "GemmaOcrTest", "GemmaOcrTest\GemmaOcrTest.csproj", "{A673E70B-CB56-17A2-50AC-1119DE9287D5}"
EndProject
Global
	GlobalSection(SolutionConfigurationPlatforms) = preSolution
		Debug|Any CPU = Debug|Any CPU
		Release|Any CPU = Release|Any CPU
	EndGlobalSection
	GlobalSection(ProjectConfigurationPlatforms) = postSolution
		{A673E70B-CB56-17A2-50AC-1119DE9287D5}.Debug|Any CPU.ActiveCfg = Debug|Any CPU
		{A673E70B-CB56-17A2-50AC-1119DE9287D5}.Debug|Any CPU.Build.0 = Debug|Any CPU
		{A673E70B-CB56-17A2-50AC-1119DE9287D5}.Release|Any CPU.ActiveCfg = Release|Any CPU
		{A673E70B-CB56-17A2-50AC-1119DE9287D5}.Release|Any CPU.Build.0 = Release|Any CPU
	EndGlobalSection
	GlobalSection(SolutionProperties) = preSolution
		HideSolutionNode = FALSE
	EndGlobalSection
	GlobalSection(ExtensibilityGlobals) = postSolution
		SolutionGuid = {7D63A831-DBAB-4007-9134-AF8F4B5B94A4}
	EndGlobalSection
EndGlobal
